
Microsoft Visual Studio Solution File, Format Version 12.00
# Visual Studio Version 16
VisualStudioVersion = 16.0.30517.126
MinimumVisualStudioVersion = 10.0.40219.1
Project("{9A19103F-16F7-4668-BE54-9A1E7A4F7556}") = "AsyncLambda", "AsyncLambda\AsyncLambda.csproj", "{80A4874B-A2CF-44A6-A5BD-4B6625A7068D}"
EndProject
Global
	GlobalSection(SolutionConfigurationPlatforms) = preSolution
		Debug|Any CPU = Debug|Any CPU
		Release|Any CPU = Release|Any CPU
	EndGlobalSection
	GlobalSection(ProjectConfigurationPlatforms) = postSolution
		{80A4874B-A2CF-44A6-A5BD-4B6625A7068D}.Debug|Any CPU.ActiveCfg = Debug|Any CPU
		{80A4874B-A2CF-44A6-A5BD-4B6625A7068D}.Debug|Any CPU.Build.0 = Debug|Any CPU
		{80A4874B-A2CF-44A6-A5BD-4B6625A7068D}.Release|Any CPU.ActiveCfg = Release|Any CPU
		{80A4874B-A2CF-44A6-A5BD-4B6625A7068D}.Release|Any CPU.Build.0 = Release|Any CPU
	EndGlobalSection
	GlobalSection(SolutionProperties) = preSolution
		HideSolutionNode = FALSE
	EndGlobalSection
	GlobalSection(ExtensibilityGlobals) = postSolution
		SolutionGuid = {129755F8-96A9-49C7-AD48-307E42DE62F6}
	EndGlobalSection
EndGlobal
